
Microsoft Visual Studio Solution File, Format Version 12.00
# Visual Studio Version 17
VisualStudioVersion = 17.3.32922.545
MinimumVisualStudioVersion = 10.0.40219.1
Project("{9A19103F-16F7-4668-BE54-9A1E7A4F7556}") = "Day1", "Day1\Day1.csproj", "{EE24922D-AED1-49C6-902A-00042EFAA508}"
EndProject
Project("{9A19103F-16F7-4668-BE54-9A1E7A4F7556}") = "Day2", "Day2\Day2.csproj", "{C2C59CE6-EFBC-43FD-A283-BA967A234D05}"
EndProject
Project("{FAE04EC0-301F-11D3-BF4B-00C04F79EFBC}") = "Day3", "Day3\Day3.csproj", "{4CE548CB-BB74-4CD3-A841-67A3277DB2AB}"
EndProject
Global
	GlobalSection(SolutionConfigurationPlatforms) = preSolution
		Debug|Any CPU = Debug|Any CPU
		Release|Any CPU = Release|Any CPU
	EndGlobalSection
	GlobalSection(ProjectConfigurationPlatforms) = postSolution
		{EE24922D-AED1-49C6-902A-00042EFAA508}.Debug|Any CPU.ActiveCfg = Debug|Any CPU
		{EE24922D-AED1-49C6-902A-00042EFAA508}.Debug|Any CPU.Build.0 = Debug|Any CPU
		{EE24922D-AED1-49C6-902A-00042EFAA508}.Release|Any CPU.ActiveCfg = Release|Any CPU
		{EE24922D-AED1-49C6-902A-00042EFAA508}.Release|Any CPU.Build.0 = Release|Any CPU
		{C2C59CE6-EFBC-43FD-A283-BA967A234D05}.Debug|Any CPU.ActiveCfg = Debug|Any CPU
		{C2C59CE6-EFBC-43FD-A283-BA967A234D05}.Debug|Any CPU.Build.0 = Debug|Any CPU
		{C2C59CE6-EFBC-43FD-A283-BA967A234D05}.Release|Any CPU.ActiveCfg = Release|Any CPU
		{C2C59CE6-EFBC-43FD-A283-BA967A234D05}.Release|Any CPU.Build.0 = Release|Any CPU
		{4CE548CB-BB74-4CD3-A841-67A3277DB2AB}.Debug|Any CPU.ActiveCfg = Debug|Any CPU
		{4CE548CB-BB74-4CD3-A841-67A3277DB2AB}.Debug|Any CPU.Build.0 = Debug|Any CPU
		{4CE548CB-BB74-4CD3-A841-67A3277DB2AB}.Release|Any CPU.ActiveCfg = Release|Any CPU
		{4CE548CB-BB74-4CD3-A841-67A3277DB2AB}.Release|Any CPU.Build.0 = Release|Any CPU
	EndGlobalSection
	GlobalSection(SolutionProperties) = preSolution
		HideSolutionNode = FALSE
	EndGlobalSection
	GlobalSection(ExtensibilityGlobals) = postSolution
		SolutionGuid = {128BBC9B-6567-4972-983A-88652F3615B9}
	EndGlobalSection
EndGlobal
