
Microsoft Visual Studio Solution File, Format Version 12.00
# Visual Studio Version 17
VisualStudioVersion = 17.3.32922.545
MinimumVisualStudioVersion = 10.0.40219.1
Project("{9A19103F-16F7-4668-BE54-9A1E7A4F7556}") = "Day1", "Day1\Day1.csproj", "{EE24922D-AED1-49C6-902A-00042EFAA508}"
EndProject
Project("{9A19103F-16F7-4668-BE54-9A1E7A4F7556}") = "Day2", "Day2\Day2.csproj", "{C2C59CE6-EFBC-43FD-A283-BA967A234D05}"
EndProject
Project("{9A19103F-16F7-4668-BE54-9A1E7A4F7556}") = "Day3", "Day3\Day3.csproj", "{4CE548CB-BB74-4CD3-A841-67A3277DB2AB}"
EndProject
Project("{9A19103F-16F7-4668-BE54-9A1E7A4F7556}") = "Day4", "Day4\Day4.csproj", "{334BB68C-3553-4AA1-BDA9-4AC14E8ECF48}"
EndProject
Project("{9A19103F-16F7-4668-BE54-9A1E7A4F7556}") = "Day5", "Day5\Day5.csproj", "{34990CDD-7AFB-445E-9E95-1E41848675C9}"
EndProject
Project("{9A19103F-16F7-4668-BE54-9A1E7A4F7556}") = "Day6", "Day6\Day6.csproj", "{DE23AD59-9BE3-41DC-845B-4649B44E5CC6}"
EndProject
Project("{9A19103F-16F7-4668-BE54-9A1E7A4F7556}") = "Day7", "Day7\Day7.csproj", "{974383EA-76AF-4A92-B2A6-A1D16836B69F}"
EndProject
Project("{9A19103F-16F7-4668-BE54-9A1E7A4F7556}") = "Day8", "Day8\Day8.csproj", "{E8FE9C0F-B4B9-47E7-8F11-225C687EA1F1}"
EndProject
Project("{9A19103F-16F7-4668-BE54-9A1E7A4F7556}") = "Day9", "Day9\Day9.csproj", "{C5EBB2C9-371A-43EF-B9D3-78457EA98FE5}"
EndProject
Project("{9A19103F-16F7-4668-BE54-9A1E7A4F7556}") = "Day10", "Day10\Day10.csproj", "{79A30E12-DD1C-44FB-8628-AABE26FC0503}"
EndProject
Project("{9A19103F-16F7-4668-BE54-9A1E7A4F7556}") = "Day11", "Day11\Day11.csproj", "{81CC1CD2-56A2-45AA-908B-192900FBB9C7}"
EndProject
Project("{9A19103F-16F7-4668-BE54-9A1E7A4F7556}") = "Day12", "Day12\Day12.csproj", "{D29F832A-998A-4625-B2BC-B770AE5F2967}"
EndProject
Project("{9A19103F-16F7-4668-BE54-9A1E7A4F7556}") = "Day21", "Day21\Day21.csproj", "{2497C9DA-5AB5-44D9-BD62-AB62926E403B}"
EndProject
Project("{FAE04EC0-301F-11D3-BF4B-00C04F79EFBC}") = "Day20", "Day20\Day20.csproj", "{37FAC800-9732-402E-89E8-7965CFF55B68}"
EndProject
Project("{FAE04EC0-301F-11D3-BF4B-00C04F79EFBC}") = "Day18", "Day18\Day18.csproj", "{EDDF32C5-977B-464D-9FC3-6903B5810E79}"
EndProject
Global
	GlobalSection(SolutionConfigurationPlatforms) = preSolution
		Debug|Any CPU = Debug|Any CPU
		Release|Any CPU = Release|Any CPU
	EndGlobalSection
	GlobalSection(ProjectConfigurationPlatforms) = postSolution
		{EE24922D-AED1-49C6-902A-00042EFAA508}.Debug|Any CPU.ActiveCfg = Debug|Any CPU
		{EE24922D-AED1-49C6-902A-00042EFAA508}.Debug|Any CPU.Build.0 = Debug|Any CPU
		{EE24922D-AED1-49C6-902A-00042EFAA508}.Release|Any CPU.ActiveCfg = Release|Any CPU
		{EE24922D-AED1-49C6-902A-00042EFAA508}.Release|Any CPU.Build.0 = Release|Any CPU
		{C2C59CE6-EFBC-43FD-A283-BA967A234D05}.Debug|Any CPU.ActiveCfg = Debug|Any CPU
		{C2C59CE6-EFBC-43FD-A283-BA967A234D05}.Debug|Any CPU.Build.0 = Debug|Any CPU
		{C2C59CE6-EFBC-43FD-A283-BA967A234D05}.Release|Any CPU.ActiveCfg = Release|Any CPU
		{C2C59CE6-EFBC-43FD-A283-BA967A234D05}.Release|Any CPU.Build.0 = Release|Any CPU
		{4CE548CB-BB74-4CD3-A841-67A3277DB2AB}.Debug|Any CPU.ActiveCfg = Debug|Any CPU
		{4CE548CB-BB74-4CD3-A841-67A3277DB2AB}.Debug|Any CPU.Build.0 = Debug|Any CPU
		{4CE548CB-BB74-4CD3-A841-67A3277DB2AB}.Release|Any CPU.ActiveCfg = Release|Any CPU
		{4CE548CB-BB74-4CD3-A841-67A3277DB2AB}.Release|Any CPU.Build.0 = Release|Any CPU
		{334BB68C-3553-4AA1-BDA9-4AC14E8ECF48}.Debug|Any CPU.ActiveCfg = Debug|Any CPU
		{334BB68C-3553-4AA1-BDA9-4AC14E8ECF48}.Debug|Any CPU.Build.0 = Debug|Any CPU
		{334BB68C-3553-4AA1-BDA9-4AC14E8ECF48}.Release|Any CPU.ActiveCfg = Release|Any CPU
		{334BB68C-3553-4AA1-BDA9-4AC14E8ECF48}.Release|Any CPU.Build.0 = Release|Any CPU
		{34990CDD-7AFB-445E-9E95-1E41848675C9}.Debug|Any CPU.ActiveCfg = Debug|Any CPU
		{34990CDD-7AFB-445E-9E95-1E41848675C9}.Debug|Any CPU.Build.0 = Debug|Any CPU
		{34990CDD-7AFB-445E-9E95-1E41848675C9}.Release|Any CPU.ActiveCfg = Release|Any CPU
		{34990CDD-7AFB-445E-9E95-1E41848675C9}.Release|Any CPU.Build.0 = Release|Any CPU
		{DE23AD59-9BE3-41DC-845B-4649B44E5CC6}.Debug|Any CPU.ActiveCfg = Debug|Any CPU
		{DE23AD59-9BE3-41DC-845B-4649B44E5CC6}.Debug|Any CPU.Build.0 = Debug|Any CPU
		{DE23AD59-9BE3-41DC-845B-4649B44E5CC6}.Release|Any CPU.ActiveCfg = Release|Any CPU
		{DE23AD59-9BE3-41DC-845B-4649B44E5CC6}.Release|Any CPU.Build.0 = Release|Any CPU
		{974383EA-76AF-4A92-B2A6-A1D16836B69F}.Debug|Any CPU.ActiveCfg = Debug|Any CPU
		{974383EA-76AF-4A92-B2A6-A1D16836B69F}.Debug|Any CPU.Build.0 = Debug|Any CPU
		{974383EA-76AF-4A92-B2A6-A1D16836B69F}.Release|Any CPU.ActiveCfg = Release|Any CPU
		{974383EA-76AF-4A92-B2A6-A1D16836B69F}.Release|Any CPU.Build.0 = Release|Any CPU
		{E8FE9C0F-B4B9-47E7-8F11-225C687EA1F1}.Debug|Any CPU.ActiveCfg = Debug|Any CPU
		{E8FE9C0F-B4B9-47E7-8F11-225C687EA1F1}.Debug|Any CPU.Build.0 = Debug|Any CPU
		{E8FE9C0F-B4B9-47E7-8F11-225C687EA1F1}.Release|Any CPU.ActiveCfg = Release|Any CPU
		{E8FE9C0F-B4B9-47E7-8F11-225C687EA1F1}.Release|Any CPU.Build.0 = Release|Any CPU
		{C5EBB2C9-371A-43EF-B9D3-78457EA98FE5}.Debug|Any CPU.ActiveCfg = Debug|Any CPU
		{C5EBB2C9-371A-43EF-B9D3-78457EA98FE5}.Debug|Any CPU.Build.0 = Debug|Any CPU
		{C5EBB2C9-371A-43EF-B9D3-78457EA98FE5}.Release|Any CPU.ActiveCfg = Release|Any CPU
		{C5EBB2C9-371A-43EF-B9D3-78457EA98FE5}.Release|Any CPU.Build.0 = Release|Any CPU
		{79A30E12-DD1C-44FB-8628-AABE26FC0503}.Debug|Any CPU.ActiveCfg = Debug|Any CPU
		{79A30E12-DD1C-44FB-8628-AABE26FC0503}.Debug|Any CPU.Build.0 = Debug|Any CPU
		{79A30E12-DD1C-44FB-8628-AABE26FC0503}.Release|Any CPU.ActiveCfg = Release|Any CPU
		{79A30E12-DD1C-44FB-8628-AABE26FC0503}.Release|Any CPU.Build.0 = Release|Any CPU
		{81CC1CD2-56A2-45AA-908B-192900FBB9C7}.Debug|Any CPU.ActiveCfg = Debug|Any CPU
		{81CC1CD2-56A2-45AA-908B-192900FBB9C7}.Debug|Any CPU.Build.0 = Debug|Any CPU
		{81CC1CD2-56A2-45AA-908B-192900FBB9C7}.Release|Any CPU.ActiveCfg = Release|Any CPU
		{81CC1CD2-56A2-45AA-908B-192900FBB9C7}.Release|Any CPU.Build.0 = Release|Any CPU
		{D29F832A-998A-4625-B2BC-B770AE5F2967}.Debug|Any CPU.ActiveCfg = Debug|Any CPU
		{D29F832A-998A-4625-B2BC-B770AE5F2967}.Debug|Any CPU.Build.0 = Debug|Any CPU
		{D29F832A-998A-4625-B2BC-B770AE5F2967}.Release|Any CPU.ActiveCfg = Release|Any CPU
		{D29F832A-998A-4625-B2BC-B770AE5F2967}.Release|Any CPU.Build.0 = Release|Any CPU
		{2497C9DA-5AB5-44D9-BD62-AB62926E403B}.Debug|Any CPU.ActiveCfg = Debug|Any CPU
		{2497C9DA-5AB5-44D9-BD62-AB62926E403B}.Debug|Any CPU.Build.0 = Debug|Any CPU
		{2497C9DA-5AB5-44D9-BD62-AB62926E403B}.Release|Any CPU.ActiveCfg = Release|Any CPU
		{2497C9DA-5AB5-44D9-BD62-AB62926E403B}.Release|Any CPU.Build.0 = Release|Any CPU
		{37FAC800-9732-402E-89E8-7965CFF55B68}.Debug|Any CPU.ActiveCfg = Debug|Any CPU
		{37FAC800-9732-402E-89E8-7965CFF55B68}.Debug|Any CPU.Build.0 = Debug|Any CPU
		{37FAC800-9732-402E-89E8-7965CFF55B68}.Release|Any CPU.ActiveCfg = Release|Any CPU
		{37FAC800-9732-402E-89E8-7965CFF55B68}.Release|Any CPU.Build.0 = Release|Any CPU
		{EDDF32C5-977B-464D-9FC3-6903B5810E79}.Debug|Any CPU.ActiveCfg = Debug|Any CPU
		{EDDF32C5-977B-464D-9FC3-6903B5810E79}.Debug|Any CPU.Build.0 = Debug|Any CPU
		{EDDF32C5-977B-464D-9FC3-6903B5810E79}.Release|Any CPU.ActiveCfg = Release|Any CPU
		{EDDF32C5-977B-464D-9FC3-6903B5810E79}.Release|Any CPU.Build.0 = Release|Any CPU
	EndGlobalSection
	GlobalSection(SolutionProperties) = preSolution
		HideSolutionNode = FALSE
	EndGlobalSection
	GlobalSection(ExtensibilityGlobals) = postSolution
		SolutionGuid = {128BBC9B-6567-4972-983A-88652F3615B9}
	EndGlobalSection
EndGlobal
